
Microsoft Visual Studio Solution File, Format Version 12.00
# Visual Studio Version 17
VisualStudioVersion = 17.3.32825.248
MinimumVisualStudioVersion = 10.0.40219.1
Project("{FAE04EC0-301F-11D3-BF4B-00C04F79EFBC}") = "Create", "ConsoleApp1\Create.csproj", "{277D7E8F-14CD-4C9F-9A53-8949D1FC258A}"
EndProject
Project("{FAE04EC0-301F-11D3-BF4B-00C04F79EFBC}") = "ISPan_Utility", "CRUD_Utility\ISPan_Utility.csproj", "{1D0EA891-966B-48D1-8719-934F16F2BD13}"
EndProject
Project("{FAE04EC0-301F-11D3-BF4B-00C04F79EFBC}") = "Select", "READ\Select.csproj", "{C7D93B30-F8B8-4396-82B5-67415987DF1D}"
EndProject
Project("{FAE04EC0-301F-11D3-BF4B-00C04F79EFBC}") = "Update", "Update\Update.csproj", "{B50FBFEE-3833-4FBE-B398-6DE1AB43BCB8}"
EndProject
Project("{FAE04EC0-301F-11D3-BF4B-00C04F79EFBC}") = "Delete", "Delete\Delete.csproj", "{886BB040-E1C2-45F4-BD2F-C4B199530BED}"
EndProject
Global
	GlobalSection(SolutionConfigurationPlatforms) = preSolution
		Debug|Any CPU = Debug|Any CPU
		Release|Any CPU = Release|Any CPU
	EndGlobalSection
	GlobalSection(ProjectConfigurationPlatforms) = postSolution
		{277D7E8F-14CD-4C9F-9A53-8949D1FC258A}.Debug|Any CPU.ActiveCfg = Debug|Any CPU
		{277D7E8F-14CD-4C9F-9A53-8949D1FC258A}.Debug|Any CPU.Build.0 = Debug|Any CPU
		{277D7E8F-14CD-4C9F-9A53-8949D1FC258A}.Release|Any CPU.ActiveCfg = Release|Any CPU
		{277D7E8F-14CD-4C9F-9A53-8949D1FC258A}.Release|Any CPU.Build.0 = Release|Any CPU
		{1D0EA891-966B-48D1-8719-934F16F2BD13}.Debug|Any CPU.ActiveCfg = Debug|Any CPU
		{1D0EA891-966B-48D1-8719-934F16F2BD13}.Debug|Any CPU.Build.0 = Debug|Any CPU
		{1D0EA891-966B-48D1-8719-934F16F2BD13}.Release|Any CPU.ActiveCfg = Release|Any CPU
		{1D0EA891-966B-48D1-8719-934F16F2BD13}.Release|Any CPU.Build.0 = Release|Any CPU
		{C7D93B30-F8B8-4396-82B5-67415987DF1D}.Debug|Any CPU.ActiveCfg = Debug|Any CPU
		{C7D93B30-F8B8-4396-82B5-67415987DF1D}.Debug|Any CPU.Build.0 = Debug|Any CPU
		{C7D93B30-F8B8-4396-82B5-67415987DF1D}.Release|Any CPU.ActiveCfg = Release|Any CPU
		{C7D93B30-F8B8-4396-82B5-67415987DF1D}.Release|Any CPU.Build.0 = Release|Any CPU
		{B50FBFEE-3833-4FBE-B398-6DE1AB43BCB8}.Debug|Any CPU.ActiveCfg = Debug|Any CPU
		{B50FBFEE-3833-4FBE-B398-6DE1AB43BCB8}.Debug|Any CPU.Build.0 = Debug|Any CPU
		{B50FBFEE-3833-4FBE-B398-6DE1AB43BCB8}.Release|Any CPU.ActiveCfg = Release|Any CPU
		{B50FBFEE-3833-4FBE-B398-6DE1AB43BCB8}.Release|Any CPU.Build.0 = Release|Any CPU
		{886BB040-E1C2-45F4-BD2F-C4B199530BED}.Debug|Any CPU.ActiveCfg = Debug|Any CPU
		{886BB040-E1C2-45F4-BD2F-C4B199530BED}.Debug|Any CPU.Build.0 = Debug|Any CPU
		{886BB040-E1C2-45F4-BD2F-C4B199530BED}.Release|Any CPU.ActiveCfg = Release|Any CPU
		{886BB040-E1C2-45F4-BD2F-C4B199530BED}.Release|Any CPU.Build.0 = Release|Any CPU
	EndGlobalSection
	GlobalSection(SolutionProperties) = preSolution
		HideSolutionNode = FALSE
	EndGlobalSection
	GlobalSection(ExtensibilityGlobals) = postSolution
		SolutionGuid = {6AEDB2FB-634B-40D9-B4B3-874C385E5622}
	EndGlobalSection
EndGlobal
